
Microsoft Visual Studio Solution File, Format Version 12.00
# Visual Studio Version 17
VisualStudioVersion = 17.8.34309.116
MinimumVisualStudioVersion = 10.0.40219.1
Project("{9A19103F-16F7-4668-BE54-9A1E7A4F7556}") = "Chitrich_1", "Chitrich_1\Chitrich_1.csproj", "{5BDF73BE-4331-409F-A690-861DD63C5896}"
EndProject
Global
	GlobalSection(SolutionConfigurationPlatforms) = preSolution
		Debug|Any CPU = Debug|Any CPU
		Release|Any CPU = Release|Any CPU
	EndGlobalSection
	GlobalSection(ProjectConfigurationPlatforms) = postSolution
		{5BDF73BE-4331-409F-A690-861DD63C5896}.Debug|Any CPU.ActiveCfg = Debug|Any CPU
		{5BDF73BE-4331-409F-A690-861DD63C5896}.Debug|Any CPU.Build.0 = Debug|Any CPU
		{5BDF73BE-4331-409F-A690-861DD63C5896}.Release|Any CPU.ActiveCfg = Release|Any CPU
		{5BDF73BE-4331-409F-A690-861DD63C5896}.Release|Any CPU.Build.0 = Release|Any CPU
	EndGlobalSection
	GlobalSection(SolutionProperties) = preSolution
		HideSolutionNode = FALSE
	EndGlobalSection
	GlobalSection(ExtensibilityGlobals) = postSolution
		SolutionGuid = {09502A77-A9AD-4D50-A725-A0F395C98E34}
	EndGlobalSection
EndGlobal
